
Microsoft Visual Studio Solution File, Format Version 12.00
# Visual Studio Version 17
VisualStudioVersion = 17.7.34031.279
MinimumVisualStudioVersion = 10.0.40219.1
Project("{FAE04EC0-301F-11D3-BF4B-00C04F79EFBC}") = "eTicket", "eTicket\eTicket.csproj", "{BA59CE5D-393D-4345-874B-FE0ECF91B1B6}"
EndProject
Global
	GlobalSection(SolutionConfigurationPlatforms) = preSolution
		Debug|Any CPU = Debug|Any CPU
		Release|Any CPU = Release|Any CPU
	EndGlobalSection
	GlobalSection(ProjectConfigurationPlatforms) = postSolution
		{BA59CE5D-393D-4345-874B-FE0ECF91B1B6}.Debug|Any CPU.ActiveCfg = Debug|Any CPU
		{BA59CE5D-393D-4345-874B-FE0ECF91B1B6}.Debug|Any CPU.Build.0 = Debug|Any CPU
		{BA59CE5D-393D-4345-874B-FE0ECF91B1B6}.Release|Any CPU.ActiveCfg = Release|Any CPU
		{BA59CE5D-393D-4345-874B-FE0ECF91B1B6}.Release|Any CPU.Build.0 = Release|Any CPU
	EndGlobalSection
	GlobalSection(SolutionProperties) = preSolution
		HideSolutionNode = FALSE
	EndGlobalSection
	GlobalSection(ExtensibilityGlobals) = postSolution
		SolutionGuid = {1BB464D5-DA08-44FD-B9EE-44D3F43357C8}
	EndGlobalSection
EndGlobal
